// !$*UTF8*$!
{
	archiveVersion = 1;
	classes = {
	};
	objectVersion = 77;
	objects = {

/* Begin PBXBuildFile section */
		27984FB22456C349363FE92F /* Photos.swift in Sources */ = {isa = PBXBuildFile; fileRef = 3DF529735D372B3978F641B8 /* Photos.swift */; };
		2B7CD38D807C62BA328C2E97 /* Theme.swift in Sources */ = {isa = PBXBuildFile; fileRef = 6B27ED9A2278BA03DED4E540 /* Theme.swift */; };
		2C981C0ACF528FE3CC0EF3AD /* HomeView.swift in Sources */ = {isa = PBXBuildFile; fileRef = C75C3CF6DBFA097EA7D5F2E2 /* HomeView.swift */; };
		35E34C6C279432298376117F /* BrewMethodTests.swift in Sources */ = {isa = PBXBuildFile; fileRef = 51F8DE063A7C0199814F093C /* BrewMethodTests.swift */; };
		38DD48F6F61B87DC44DA68B6 /* Pieces.swift in Sources */ = {isa = PBXBuildFile; fileRef = 8E4A36F53F1AD3D3696DEFE2 /* Pieces.swift */; };
		393A199AA8E9B2EC11BBFAAF /* SettingsView.swift in Sources */ = {isa = PBXBuildFile; fileRef = 90AB3ED19FA9562D6E6CE59E /* SettingsView.swift */; };
		50A251BEDF541BE9885EF993 /* CupsView.swift in Sources */ = {isa = PBXBuildFile; fileRef = AF3321F4B8D072A6393464A0 /* CupsView.swift */; };
		57C1F6F78396D3ECE649FAA5 /* Coach.swift in Sources */ = {isa = PBXBuildFile; fileRef = C8BAFD7A8ACFFF28ABC4B4F9 /* Coach.swift */; };
		5C54C3FAB0D9DA0786B97600 /* PhotoTests.swift in Sources */ = {isa = PBXBuildFile; fileRef = FC56590A9C9636A05ECA9E25 /* PhotoTests.swift */; };
		6DCE61E91EB74D72B3751BAD /* ShotsView.swift in Sources */ = {isa = PBXBuildFile; fileRef = FC43D631742362EBA431DB72 /* ShotsView.swift */; };
		7F379C964CC016B1A31024E5 /* AMSCoffeeTests.swift in Sources */ = {isa = PBXBuildFile; fileRef = 8B56068E47EE0AF11B403350 /* AMSCoffeeTests.swift */; };
		80D36B28B75E39A4E22541BE /* Guide.swift in Sources */ = {isa = PBXBuildFile; fileRef = 2AB9483F120516F053856075 /* Guide.swift */; };
		8C08A38A8417A2650BE64269 /* AMSCoffeeApp.swift in Sources */ = {isa = PBXBuildFile; fileRef = 85E512105F5F3A506D2E173D /* AMSCoffeeApp.swift */; };
		92D6074E7E782FABA5879260 /* Model.swift in Sources */ = {isa = PBXBuildFile; fileRef = 43EF7078D1C8FA588F071747 /* Model.swift */; };
		95647B6D4DCEBFE2F980F215 /* KitView.swift in Sources */ = {isa = PBXBuildFile; fileRef = 6C59ED7DE7FCC4FA373F5740 /* KitView.swift */; };
		9EF0F741BDFEBA7611CBAD85 /* Assets.xcassets in Resources */ = {isa = PBXBuildFile; fileRef = 629C542C490591DFBD98F844 /* Assets.xcassets */; };
		B49C71A829777FE672352853 /* Cups.swift in Sources */ = {isa = PBXBuildFile; fileRef = 3B5EBFF79F626018D21A200F /* Cups.swift */; };
		D10C32CCD6E9232F7AEC3D69 /* AMSCoffeeUITests.swift in Sources */ = {isa = PBXBuildFile; fileRef = 265DC6746DF3207F4360B902 /* AMSCoffeeUITests.swift */; };
		D5943B15ED4DFF5D723A28DD /* PhotoPicker.swift in Sources */ = {isa = PBXBuildFile; fileRef = 0664923D4B913CD78E93F7EC /* PhotoPicker.swift */; };
		EF271A0A4638931227A41911 /* Store.swift in Sources */ = {isa = PBXBuildFile; fileRef = 5FA92EC1B0090B618DF8E482 /* Store.swift */; };
		F673E2013A30FF84C5D43479 /* Shelf.swift in Sources */ = {isa = PBXBuildFile; fileRef = DEEDF7482741C9F8FBE31EBD /* Shelf.swift */; };
		FC1DE77F3B399395003E54C7 /* BagsView.swift in Sources */ = {isa = PBXBuildFile; fileRef = 8644D316E33D62F1805912FA /* BagsView.swift */; };
/* End PBXBuildFile section */

/* Begin PBXContainerItemProxy section */
		AE04DD2A71D18CD0920BF253 /* PBXContainerItemProxy */ = {
			isa = PBXContainerItemProxy;
			containerPortal = F044F7E023DBD0F0DBC600C1 /* Project object */;
			proxyType = 1;
			remoteGlobalIDString = 97DFB82F33914ECFF407254D;
			remoteInfo = AMSCoffee;
		};
		CDA01DF173059C2DF41F136F /* PBXContainerItemProxy */ = {
			isa = PBXContainerItemProxy;
			containerPortal = F044F7E023DBD0F0DBC600C1 /* Project object */;
			proxyType = 1;
			remoteGlobalIDString = 97DFB82F33914ECFF407254D;
			remoteInfo = AMSCoffee;
		};
/* End PBXContainerItemProxy section */

/* Begin PBXFileReference section */
		0664923D4B913CD78E93F7EC /* PhotoPicker.swift */ = {isa = PBXFileReference; lastKnownFileType = sourcecode.swift; path = PhotoPicker.swift; sourceTree = "<group>"; };
		265DC6746DF3207F4360B902 /* AMSCoffeeUITests.swift */ = {isa = PBXFileReference; lastKnownFileType = sourcecode.swift; path = AMSCoffeeUITests.swift; sourceTree = "<group>"; };
		2AB9483F120516F053856075 /* Guide.swift */ = {isa = PBXFileReference; lastKnownFileType = sourcecode.swift; path = Guide.swift; sourceTree = "<group>"; };
		3B5EBFF79F626018D21A200F /* Cups.swift */ = {isa = PBXFileReference; lastKnownFileType = sourcecode.swift; path = Cups.swift; sourceTree = "<group>"; };
		3DF529735D372B3978F641B8 /* Photos.swift */ = {isa = PBXFileReference; lastKnownFileType = sourcecode.swift; path = Photos.swift; sourceTree = "<group>"; };
		43EF7078D1C8FA588F071747 /* Model.swift */ = {isa = PBXFileReference; lastKnownFileType = sourcecode.swift; path = Model.swift; sourceTree = "<group>"; };
		51F8DE063A7C0199814F093C /* BrewMethodTests.swift */ = {isa = PBXFileReference; lastKnownFileType = sourcecode.swift; path = BrewMethodTests.swift; sourceTree = "<group>"; };
		5FA92EC1B0090B618DF8E482 /* Store.swift */ = {isa = PBXFileReference; lastKnownFileType = sourcecode.swift; path = Store.swift; sourceTree = "<group>"; };
		629C542C490591DFBD98F844 /* Assets.xcassets */ = {isa = PBXFileReference; lastKnownFileType = folder.assetcatalog; path = Assets.xcassets; sourceTree = "<group>"; };
		6B27ED9A2278BA03DED4E540 /* Theme.swift */ = {isa = PBXFileReference; lastKnownFileType = sourcecode.swift; path = Theme.swift; sourceTree = "<group>"; };
		6C59ED7DE7FCC4FA373F5740 /* KitView.swift */ = {isa = PBXFileReference; lastKnownFileType = sourcecode.swift; path = KitView.swift; sourceTree = "<group>"; };
		85E512105F5F3A506D2E173D /* AMSCoffeeApp.swift */ = {isa = PBXFileReference; lastKnownFileType = sourcecode.swift; path = AMSCoffeeApp.swift; sourceTree = "<group>"; };
		8644D316E33D62F1805912FA /* BagsView.swift */ = {isa = PBXFileReference; lastKnownFileType = sourcecode.swift; path = BagsView.swift; sourceTree = "<group>"; };
		8B56068E47EE0AF11B403350 /* AMSCoffeeTests.swift */ = {isa = PBXFileReference; lastKnownFileType = sourcecode.swift; path = AMSCoffeeTests.swift; sourceTree = "<group>"; };
		8E4A36F53F1AD3D3696DEFE2 /* Pieces.swift */ = {isa = PBXFileReference; lastKnownFileType = sourcecode.swift; path = Pieces.swift; sourceTree = "<group>"; };
		90AB3ED19FA9562D6E6CE59E /* SettingsView.swift */ = {isa = PBXFileReference; lastKnownFileType = sourcecode.swift; path = SettingsView.swift; sourceTree = "<group>"; };
		A65FD6CA98A55D136552C59F /* AMSCoffeeTests.xctest */ = {isa = PBXFileReference; includeInIndex = 0; lastKnownFileType = wrapper.cfbundle; path = AMSCoffeeTests.xctest; sourceTree = BUILT_PRODUCTS_DIR; };
		AF3321F4B8D072A6393464A0 /* CupsView.swift */ = {isa = PBXFileReference; lastKnownFileType = sourcecode.swift; path = CupsView.swift; sourceTree = "<group>"; };
		C75C3CF6DBFA097EA7D5F2E2 /* HomeView.swift */ = {isa = PBXFileReference; lastKnownFileType = sourcecode.swift; path = HomeView.swift; sourceTree = "<group>"; };
		C8BAFD7A8ACFFF28ABC4B4F9 /* Coach.swift */ = {isa = PBXFileReference; lastKnownFileType = sourcecode.swift; path = Coach.swift; sourceTree = "<group>"; };
		CEDA8EE4CA3058DF491B6FC9 /* AMSCoffee.app */ = {isa = PBXFileReference; includeInIndex = 0; lastKnownFileType = wrapper.application; path = AMSCoffee.app; sourceTree = BUILT_PRODUCTS_DIR; };
		DEEDF7482741C9F8FBE31EBD /* Shelf.swift */ = {isa = PBXFileReference; lastKnownFileType = sourcecode.swift; path = Shelf.swift; sourceTree = "<group>"; };
		F1EF0BC9FF2BE3677FF58F31 /* AMSCoffeeUITests.xctest */ = {isa = PBXFileReference; includeInIndex = 0; lastKnownFileType = wrapper.cfbundle; path = AMSCoffeeUITests.xctest; sourceTree = BUILT_PRODUCTS_DIR; };
		FC43D631742362EBA431DB72 /* ShotsView.swift */ = {isa = PBXFileReference; lastKnownFileType = sourcecode.swift; path = ShotsView.swift; sourceTree = "<group>"; };
		FC56590A9C9636A05ECA9E25 /* PhotoTests.swift */ = {isa = PBXFileReference; lastKnownFileType = sourcecode.swift; path = PhotoTests.swift; sourceTree = "<group>"; };
/* End PBXFileReference section */

/* Begin PBXGroup section */
		0095136E915A4B5BAAC50FB2 /* UITests */ = {
			isa = PBXGroup;
			children = (
				265DC6746DF3207F4360B902 /* AMSCoffeeUITests.swift */,
			);
			path = UITests;
			sourceTree = "<group>";
		};
		04D246DE6D2F1ECCC3B005A5 /* Tests */ = {
			isa = PBXGroup;
			children = (
				8B56068E47EE0AF11B403350 /* AMSCoffeeTests.swift */,
				51F8DE063A7C0199814F093C /* BrewMethodTests.swift */,
				FC56590A9C9636A05ECA9E25 /* PhotoTests.swift */,
			);
			path = Tests;
			sourceTree = "<group>";
		};
		48A83BEA01DE3FFA27F93A60 /* Sources */ = {
			isa = PBXGroup;
			children = (
				85E512105F5F3A506D2E173D /* AMSCoffeeApp.swift */,
				8644D316E33D62F1805912FA /* BagsView.swift */,
				C8BAFD7A8ACFFF28ABC4B4F9 /* Coach.swift */,
				3B5EBFF79F626018D21A200F /* Cups.swift */,
				AF3321F4B8D072A6393464A0 /* CupsView.swift */,
				2AB9483F120516F053856075 /* Guide.swift */,
				C75C3CF6DBFA097EA7D5F2E2 /* HomeView.swift */,
				6C59ED7DE7FCC4FA373F5740 /* KitView.swift */,
				43EF7078D1C8FA588F071747 /* Model.swift */,
				0664923D4B913CD78E93F7EC /* PhotoPicker.swift */,
				3DF529735D372B3978F641B8 /* Photos.swift */,
				8E4A36F53F1AD3D3696DEFE2 /* Pieces.swift */,
				90AB3ED19FA9562D6E6CE59E /* SettingsView.swift */,
				DEEDF7482741C9F8FBE31EBD /* Shelf.swift */,
				FC43D631742362EBA431DB72 /* ShotsView.swift */,
				5FA92EC1B0090B618DF8E482 /* Store.swift */,
				6B27ED9A2278BA03DED4E540 /* Theme.swift */,
			);
			path = Sources;
			sourceTree = "<group>";
		};
		8BD8AAA3D2E06BC5E4964E0E = {
			isa = PBXGroup;
			children = (
				DF8BCE816EE1DD6C3241AE2A /* App */,
				04D246DE6D2F1ECCC3B005A5 /* Tests */,
				0095136E915A4B5BAAC50FB2 /* UITests */,
				E559D589769C4D6508ABB684 /* Products */,
			);
			sourceTree = "<group>";
		};
		DF8BCE816EE1DD6C3241AE2A /* App */ = {
			isa = PBXGroup;
			children = (
				F70FE85ECD8527AC60819F3A /* Resources */,
				48A83BEA01DE3FFA27F93A60 /* Sources */,
			);
			path = App;
			sourceTree = "<group>";
		};
		E559D589769C4D6508ABB684 /* Products */ = {
			isa = PBXGroup;
			children = (
				CEDA8EE4CA3058DF491B6FC9 /* AMSCoffee.app */,
				A65FD6CA98A55D136552C59F /* AMSCoffeeTests.xctest */,
				F1EF0BC9FF2BE3677FF58F31 /* AMSCoffeeUITests.xctest */,
			);
			name = Products;
			sourceTree = "<group>";
		};
		F70FE85ECD8527AC60819F3A /* Resources */ = {
			isa = PBXGroup;
			children = (
				629C542C490591DFBD98F844 /* Assets.xcassets */,
			);
			path = Resources;
			sourceTree = "<group>";
		};
/* End PBXGroup section */

/* Begin PBXNativeTarget section */
		06329960D3C67A47578C014C /* AMSCoffeeUITests */ = {
			isa = PBXNativeTarget;
			buildConfigurationList = 048613A7D28668572A3C8FF6 /* Build configuration list for PBXNativeTarget "AMSCoffeeUITests" */;
			buildPhases = (
				5888B0061999F2C1184478FA /* Sources */,
			);
			buildRules = (
			);
			dependencies = (
				A9275A1009ECC38B7BA1D484 /* PBXTargetDependency */,
			);
			name = AMSCoffeeUITests;
			packageProductDependencies = (
			);
			productName = AMSCoffeeUITests;
			productReference = F1EF0BC9FF2BE3677FF58F31 /* AMSCoffeeUITests.xctest */;
			productType = "com.apple.product-type.bundle.ui-testing";
		};
		97DFB82F33914ECFF407254D /* AMSCoffee */ = {
			isa = PBXNativeTarget;
			buildConfigurationList = 2616966F6FB8A778390EA870 /* Build configuration list for PBXNativeTarget "AMSCoffee" */;
			buildPhases = (
				C491C4331D1AC5446E54325D /* Sources */,
				1628ABBD0CD3292D291E12C8 /* Resources */,
			);
			buildRules = (
			);
			dependencies = (
			);
			name = AMSCoffee;
			packageProductDependencies = (
			);
			productName = AMSCoffee;
			productReference = CEDA8EE4CA3058DF491B6FC9 /* AMSCoffee.app */;
			productType = "com.apple.product-type.application";
		};
		B26D45B2B91662A1FE1CD382 /* AMSCoffeeTests */ = {
			isa = PBXNativeTarget;
			buildConfigurationList = F91CCC71AE2A7DC5C99175AB /* Build configuration list for PBXNativeTarget "AMSCoffeeTests" */;
			buildPhases = (
				11846D671CD29EF7D7E7FE36 /* Sources */,
			);
			buildRules = (
			);
			dependencies = (
				1FD6FA1164FD3AC6431C1256 /* PBXTargetDependency */,
			);
			name = AMSCoffeeTests;
			packageProductDependencies = (
			);
			productName = AMSCoffeeTests;
			productReference = A65FD6CA98A55D136552C59F /* AMSCoffeeTests.xctest */;
			productType = "com.apple.product-type.bundle.unit-test";
		};
/* End PBXNativeTarget section */

/* Begin PBXProject section */
		F044F7E023DBD0F0DBC600C1 /* Project object */ = {
			isa = PBXProject;
			attributes = {
				BuildIndependentTargetsInParallel = YES;
				LastUpgradeCheck = 1430;
				TargetAttributes = {
					06329960D3C67A47578C014C = {
						DevelopmentTeam = D24ENP83QQ;
						ProvisioningStyle = Automatic;
						TestTargetID = 97DFB82F33914ECFF407254D;
					};
					97DFB82F33914ECFF407254D = {
						DevelopmentTeam = D24ENP83QQ;
						ProvisioningStyle = Automatic;
					};
					B26D45B2B91662A1FE1CD382 = {
						DevelopmentTeam = D24ENP83QQ;
						ProvisioningStyle = Automatic;
					};
				};
			};
			buildConfigurationList = E7A8B2CBB166807D55B5C844 /* Build configuration list for PBXProject "AMSCoffee" */;
			developmentRegion = en;
			hasScannedForEncodings = 0;
			knownRegions = (
				Base,
				en,
			);
			mainGroup = 8BD8AAA3D2E06BC5E4964E0E;
			minimizedProjectReferenceProxies = 1;
			preferredProjectObjectVersion = 77;
			productRefGroup = E559D589769C4D6508ABB684 /* Products */;
			projectDirPath = "";
			projectRoot = "";
			targets = (
				97DFB82F33914ECFF407254D /* AMSCoffee */,
				B26D45B2B91662A1FE1CD382 /* AMSCoffeeTests */,
				06329960D3C67A47578C014C /* AMSCoffeeUITests */,
			);
		};
/* End PBXProject section */

/* Begin PBXResourcesBuildPhase section */
		1628ABBD0CD3292D291E12C8 /* Resources */ = {
			isa = PBXResourcesBuildPhase;
			buildActionMask = 2147483647;
			files = (
				9EF0F741BDFEBA7611CBAD85 /* Assets.xcassets in Resources */,
			);
			runOnlyForDeploymentPostprocessing = 0;
		};
/* End PBXResourcesBuildPhase section */

/* Begin PBXSourcesBuildPhase section */
		11846D671CD29EF7D7E7FE36 /* Sources */ = {
			isa = PBXSourcesBuildPhase;
			buildActionMask = 2147483647;
			files = (
				7F379C964CC016B1A31024E5 /* AMSCoffeeTests.swift in Sources */,
				35E34C6C279432298376117F /* BrewMethodTests.swift in Sources */,
				5C54C3FAB0D9DA0786B97600 /* PhotoTests.swift in Sources */,
			);
			runOnlyForDeploymentPostprocessing = 0;
		};
		5888B0061999F2C1184478FA /* Sources */ = {
			isa = PBXSourcesBuildPhase;
			buildActionMask = 2147483647;
			files = (
				D10C32CCD6E9232F7AEC3D69 /* AMSCoffeeUITests.swift in Sources */,
			);
			runOnlyForDeploymentPostprocessing = 0;
		};
		C491C4331D1AC5446E54325D /* Sources */ = {
			isa = PBXSourcesBuildPhase;
			buildActionMask = 2147483647;
			files = (
				8C08A38A8417A2650BE64269 /* AMSCoffeeApp.swift in Sources */,
				FC1DE77F3B399395003E54C7 /* BagsView.swift in Sources */,
				57C1F6F78396D3ECE649FAA5 /* Coach.swift in Sources */,
				B49C71A829777FE672352853 /* Cups.swift in Sources */,
				50A251BEDF541BE9885EF993 /* CupsView.swift in Sources */,
				80D36B28B75E39A4E22541BE /* Guide.swift in Sources */,
				2C981C0ACF528FE3CC0EF3AD /* HomeView.swift in Sources */,
				95647B6D4DCEBFE2F980F215 /* KitView.swift in Sources */,
				92D6074E7E782FABA5879260 /* Model.swift in Sources */,
				D5943B15ED4DFF5D723A28DD /* PhotoPicker.swift in Sources */,
				27984FB22456C349363FE92F /* Photos.swift in Sources */,
				38DD48F6F61B87DC44DA68B6 /* Pieces.swift in Sources */,
				393A199AA8E9B2EC11BBFAAF /* SettingsView.swift in Sources */,
				F673E2013A30FF84C5D43479 /* Shelf.swift in Sources */,
				6DCE61E91EB74D72B3751BAD /* ShotsView.swift in Sources */,
				EF271A0A4638931227A41911 /* Store.swift in Sources */,
				2B7CD38D807C62BA328C2E97 /* Theme.swift in Sources */,
			);
			runOnlyForDeploymentPostprocessing = 0;
		};
/* End PBXSourcesBuildPhase section */

/* Begin PBXTargetDependency section */
		1FD6FA1164FD3AC6431C1256 /* PBXTargetDependency */ = {
			isa = PBXTargetDependency;
			target = 97DFB82F33914ECFF407254D /* AMSCoffee */;
			targetProxy = CDA01DF173059C2DF41F136F /* PBXContainerItemProxy */;
		};
		A9275A1009ECC38B7BA1D484 /* PBXTargetDependency */ = {
			isa = PBXTargetDependency;
			target = 97DFB82F33914ECFF407254D /* AMSCoffee */;
			targetProxy = AE04DD2A71D18CD0920BF253 /* PBXContainerItemProxy */;
		};
/* End PBXTargetDependency section */

/* Begin XCBuildConfiguration section */
		1DA5B58A48056EF4AF721BF8 /* Debug */ = {
			isa = XCBuildConfiguration;
			buildSettings = {
				ALWAYS_SEARCH_USER_PATHS = NO;
				CLANG_ANALYZER_NONNULL = YES;
				CLANG_ANALYZER_NUMBER_OBJECT_CONVERSION = YES_AGGRESSIVE;
				CLANG_CXX_LANGUAGE_STANDARD = "gnu++14";
				CLANG_CXX_LIBRARY = "libc++";
				CLANG_ENABLE_MODULES = YES;
				CLANG_ENABLE_OBJC_ARC = YES;
				CLANG_ENABLE_OBJC_WEAK = YES;
				CLANG_WARN_BLOCK_CAPTURE_AUTORELEASING = YES;
				CLANG_WARN_BOOL_CONVERSION = YES;
				CLANG_WARN_COMMA = YES;
				CLANG_WARN_CONSTANT_CONVERSION = YES;
				CLANG_WARN_DEPRECATED_OBJC_IMPLEMENTATIONS = YES;
				CLANG_WARN_DIRECT_OBJC_ISA_USAGE = YES_ERROR;
				CLANG_WARN_DOCUMENTATION_COMMENTS = YES;
				CLANG_WARN_EMPTY_BODY = YES;
				CLANG_WARN_ENUM_CONVERSION = YES;
				CLANG_WARN_INFINITE_RECURSION = YES;
				CLANG_WARN_INT_CONVERSION = YES;
				CLANG_WARN_NON_LITERAL_NULL_CONVERSION = YES;
				CLANG_WARN_OBJC_IMPLICIT_RETAIN_SELF = YES;
				CLANG_WARN_OBJC_LITERAL_CONVERSION = YES;
				CLANG_WARN_OBJC_ROOT_CLASS = YES_ERROR;
				CLANG_WARN_QUOTED_INCLUDE_IN_FRAMEWORK_HEADER = YES;
				CLANG_WARN_RANGE_LOOP_ANALYSIS = YES;
				CLANG_WARN_STRICT_PROTOTYPES = YES;
				CLANG_WARN_SUSPICIOUS_MOVE = YES;
				CLANG_WARN_UNGUARDED_AVAILABILITY = YES_AGGRESSIVE;
				CLANG_WARN_UNREACHABLE_CODE = YES;
				CLANG_WARN__DUPLICATE_METHOD_MATCH = YES;
				CODE_SIGN_STYLE = Automatic;
				COPY_PHASE_STRIP = NO;
				CURRENT_PROJECT_VERSION = 3;
				DEBUG_INFORMATION_FORMAT = dwarf;
				DEVELOPMENT_TEAM = D24ENP83QQ;
				ENABLE_STRICT_OBJC_MSGSEND = YES;
				ENABLE_TESTABILITY = YES;
				GCC_C_LANGUAGE_STANDARD = gnu11;
				GCC_DYNAMIC_NO_PIC = NO;
				GCC_NO_COMMON_BLOCKS = YES;
				GCC_OPTIMIZATION_LEVEL = 0;
				GCC_PREPROCESSOR_DEFINITIONS = (
					"$(inherited)",
					"DEBUG=1",
				);
				GCC_WARN_64_TO_32_BIT_CONVERSION = YES;
				GCC_WARN_ABOUT_RETURN_TYPE = YES_ERROR;
				GCC_WARN_UNDECLARED_SELECTOR = YES;
				GCC_WARN_UNINITIALIZED_AUTOS = YES_AGGRESSIVE;
				GCC_WARN_UNUSED_FUNCTION = YES;
				GCC_WARN_UNUSED_VARIABLE = YES;
				IPHONEOS_DEPLOYMENT_TARGET = 17.0;
				MACOSX_DEPLOYMENT_TARGET = 14.0;
				MARKETING_VERSION = 2.0;
				MTL_ENABLE_DEBUG_INFO = INCLUDE_SOURCE;
				MTL_FAST_MATH = YES;
				ONLY_ACTIVE_ARCH = YES;
				PRODUCT_NAME = "$(TARGET_NAME)";
				SDKROOT = auto;
				SWIFT_ACTIVE_COMPILATION_CONDITIONS = DEBUG;
				SWIFT_OPTIMIZATION_LEVEL = "-Onone";
				SWIFT_VERSION = 5.0;
			};
			name = Debug;
		};
		2323269517F06703321C16E1 /* Debug */ = {
			isa = XCBuildConfiguration;
			buildSettings = {
				BUNDLE_LOADER = "$(TEST_HOST)";
				GENERATE_INFOPLIST_FILE = YES;
				LD_RUNPATH_SEARCH_PATHS = (
					"$(inherited)",
					"@executable_path/Frameworks",
					"@loader_path/Frameworks",
				);
				PRODUCT_BUNDLE_IDENTIFIER = com.schabbauer.AMSCoffeeTests;
				SDKROOT = auto;
				SUPPORTED_PLATFORMS = "iphoneos iphonesimulator macosx";
				SUPPORTS_MACCATALYST = NO;
				SUPPORTS_MAC_DESIGNED_FOR_IPHONE_IPAD = NO;
				SUPPORTS_XR_DESIGNED_FOR_IPHONE_IPAD = YES;
				TARGETED_DEVICE_FAMILY = "1,2";
				TEST_HOST = "$(BUILT_PRODUCTS_DIR)/AMSCoffee.app/AMSCoffee";
			};
			name = Debug;
		};
		2595024926E86913A5499D63 /* Release */ = {
			isa = XCBuildConfiguration;
			buildSettings = {
				ASSETCATALOG_COMPILER_APPICON_NAME = AppIcon;
				ASSETCATALOG_COMPILER_GLOBAL_ACCENT_COLOR_NAME = AccentColor;
				CODE_SIGN_ENTITLEMENTS = App/Config/AMSCoffee.entitlements;
				CODE_SIGN_IDENTITY = "iPhone Developer";
				GENERATE_INFOPLIST_FILE = NO;
				INFOPLIST_FILE = App/Config/Info.plist;
				INFOPLIST_KEY_UIApplicationSceneManifest_Generation = NO;
				LD_RUNPATH_SEARCH_PATHS = (
					"$(inherited)",
					"@executable_path/Frameworks",
				);
				PRODUCT_BUNDLE_IDENTIFIER = com.schabbauer.AMSCoffee;
				SDKROOT = auto;
				SUPPORTED_PLATFORMS = "iphoneos iphonesimulator macosx";
				SUPPORTS_MACCATALYST = NO;
				SUPPORTS_MAC_DESIGNED_FOR_IPHONE_IPAD = NO;
				SUPPORTS_XR_DESIGNED_FOR_IPHONE_IPAD = YES;
				TARGETED_DEVICE_FAMILY = 1;
			};
			name = Release;
		};
		417C5C82367AA13D630E7E36 /* Debug */ = {
			isa = XCBuildConfiguration;
			buildSettings = {
				BUNDLE_LOADER = "$(TEST_HOST)";
				GENERATE_INFOPLIST_FILE = YES;
				LD_RUNPATH_SEARCH_PATHS = (
					"$(inherited)",
					"@executable_path/Frameworks",
					"@loader_path/Frameworks",
				);
				PRODUCT_BUNDLE_IDENTIFIER = com.schabbauer.AMSCoffeeUITests;
				SDKROOT = auto;
				SUPPORTED_PLATFORMS = "iphoneos iphonesimulator macosx";
				SUPPORTS_MACCATALYST = NO;
				SUPPORTS_MAC_DESIGNED_FOR_IPHONE_IPAD = NO;
				SUPPORTS_XR_DESIGNED_FOR_IPHONE_IPAD = YES;
				TARGETED_DEVICE_FAMILY = "1,2";
				TEST_TARGET_NAME = AMSCoffee;
			};
			name = Debug;
		};
		487118591C21AAC32F8EF78A /* Debug */ = {
			isa = XCBuildConfiguration;
			buildSettings = {
				ASSETCATALOG_COMPILER_APPICON_NAME = AppIcon;
				ASSETCATALOG_COMPILER_GLOBAL_ACCENT_COLOR_NAME = AccentColor;
				CODE_SIGN_ENTITLEMENTS = App/Config/AMSCoffee.entitlements;
				CODE_SIGN_IDENTITY = "iPhone Developer";
				GENERATE_INFOPLIST_FILE = NO;
				INFOPLIST_FILE = App/Config/Info.plist;
				INFOPLIST_KEY_UIApplicationSceneManifest_Generation = NO;
				LD_RUNPATH_SEARCH_PATHS = (
					"$(inherited)",
					"@executable_path/Frameworks",
				);
				PRODUCT_BUNDLE_IDENTIFIER = com.schabbauer.AMSCoffee;
				SDKROOT = auto;
				SUPPORTED_PLATFORMS = "iphoneos iphonesimulator macosx";
				SUPPORTS_MACCATALYST = NO;
				SUPPORTS_MAC_DESIGNED_FOR_IPHONE_IPAD = NO;
				SUPPORTS_XR_DESIGNED_FOR_IPHONE_IPAD = YES;
				TARGETED_DEVICE_FAMILY = 1;
			};
			name = Debug;
		};
		7BC0B336D6361515512E02C1 /* Release */ = {
			isa = XCBuildConfiguration;
			buildSettings = {
				BUNDLE_LOADER = "$(TEST_HOST)";
				GENERATE_INFOPLIST_FILE = YES;
				LD_RUNPATH_SEARCH_PATHS = (
					"$(inherited)",
					"@executable_path/Frameworks",
					"@loader_path/Frameworks",
				);
				PRODUCT_BUNDLE_IDENTIFIER = com.schabbauer.AMSCoffeeUITests;
				SDKROOT = auto;
				SUPPORTED_PLATFORMS = "iphoneos iphonesimulator macosx";
				SUPPORTS_MACCATALYST = NO;
				SUPPORTS_MAC_DESIGNED_FOR_IPHONE_IPAD = NO;
				SUPPORTS_XR_DESIGNED_FOR_IPHONE_IPAD = YES;
				TARGETED_DEVICE_FAMILY = "1,2";
				TEST_TARGET_NAME = AMSCoffee;
			};
			name = Release;
		};
		9CE81B1F7B7BAE6212D9B395 /* Release */ = {
			isa = XCBuildConfiguration;
			buildSettings = {
				ALWAYS_SEARCH_USER_PATHS = NO;
				CLANG_ANALYZER_NONNULL = YES;
				CLANG_ANALYZER_NUMBER_OBJECT_CONVERSION = YES_AGGRESSIVE;
				CLANG_CXX_LANGUAGE_STANDARD = "gnu++14";
				CLANG_CXX_LIBRARY = "libc++";
				CLANG_ENABLE_MODULES = YES;
				CLANG_ENABLE_OBJC_ARC = YES;
				CLANG_ENABLE_OBJC_WEAK = YES;
				CLANG_WARN_BLOCK_CAPTURE_AUTORELEASING = YES;
				CLANG_WARN_BOOL_CONVERSION = YES;
				CLANG_WARN_COMMA = YES;
				CLANG_WARN_CONSTANT_CONVERSION = YES;
				CLANG_WARN_DEPRECATED_OBJC_IMPLEMENTATIONS = YES;
				CLANG_WARN_DIRECT_OBJC_ISA_USAGE = YES_ERROR;
				CLANG_WARN_DOCUMENTATION_COMMENTS = YES;
				CLANG_WARN_EMPTY_BODY = YES;
				CLANG_WARN_ENUM_CONVERSION = YES;
				CLANG_WARN_INFINITE_RECURSION = YES;
				CLANG_WARN_INT_CONVERSION = YES;
				CLANG_WARN_NON_LITERAL_NULL_CONVERSION = YES;
				CLANG_WARN_OBJC_IMPLICIT_RETAIN_SELF = YES;
				CLANG_WARN_OBJC_LITERAL_CONVERSION = YES;
				CLANG_WARN_OBJC_ROOT_CLASS = YES_ERROR;
				CLANG_WARN_QUOTED_INCLUDE_IN_FRAMEWORK_HEADER = YES;
				CLANG_WARN_RANGE_LOOP_ANALYSIS = YES;
				CLANG_WARN_STRICT_PROTOTYPES = YES;
				CLANG_WARN_SUSPICIOUS_MOVE = YES;
				CLANG_WARN_UNGUARDED_AVAILABILITY = YES_AGGRESSIVE;
				CLANG_WARN_UNREACHABLE_CODE = YES;
				CLANG_WARN__DUPLICATE_METHOD_MATCH = YES;
				CODE_SIGN_STYLE = Automatic;
				COPY_PHASE_STRIP = NO;
				CURRENT_PROJECT_VERSION = 3;
				DEBUG_INFORMATION_FORMAT = "dwarf-with-dsym";
				DEVELOPMENT_TEAM = D24ENP83QQ;
				ENABLE_NS_ASSERTIONS = NO;
				ENABLE_STRICT_OBJC_MSGSEND = YES;
				GCC_C_LANGUAGE_STANDARD = gnu11;
				GCC_NO_COMMON_BLOCKS = YES;
				GCC_WARN_64_TO_32_BIT_CONVERSION = YES;
				GCC_WARN_ABOUT_RETURN_TYPE = YES_ERROR;
				GCC_WARN_UNDECLARED_SELECTOR = YES;
				GCC_WARN_UNINITIALIZED_AUTOS = YES_AGGRESSIVE;
				GCC_WARN_UNUSED_FUNCTION = YES;
				GCC_WARN_UNUSED_VARIABLE = YES;
				IPHONEOS_DEPLOYMENT_TARGET = 17.0;
				MACOSX_DEPLOYMENT_TARGET = 14.0;
				MARKETING_VERSION = 2.0;
				MTL_ENABLE_DEBUG_INFO = NO;
				MTL_FAST_MATH = YES;
				PRODUCT_NAME = "$(TARGET_NAME)";
				SDKROOT = auto;
				SWIFT_COMPILATION_MODE = wholemodule;
				SWIFT_OPTIMIZATION_LEVEL = "-O";
				SWIFT_VERSION = 5.0;
			};
			name = Release;
		};
		CD50C8F24CC9D56D1275F164 /* Release */ = {
			isa = XCBuildConfiguration;
			buildSettings = {
				BUNDLE_LOADER = "$(TEST_HOST)";
				GENERATE_INFOPLIST_FILE = YES;
				LD_RUNPATH_SEARCH_PATHS = (
					"$(inherited)",
					"@executable_path/Frameworks",
					"@loader_path/Frameworks",
				);
				PRODUCT_BUNDLE_IDENTIFIER = com.schabbauer.AMSCoffeeTests;
				SDKROOT = auto;
				SUPPORTED_PLATFORMS = "iphoneos iphonesimulator macosx";
				SUPPORTS_MACCATALYST = NO;
				SUPPORTS_MAC_DESIGNED_FOR_IPHONE_IPAD = NO;
				SUPPORTS_XR_DESIGNED_FOR_IPHONE_IPAD = YES;
				TARGETED_DEVICE_FAMILY = "1,2";
				TEST_HOST = "$(BUILT_PRODUCTS_DIR)/AMSCoffee.app/AMSCoffee";
			};
			name = Release;
		};
/* End XCBuildConfiguration section */

/* Begin XCConfigurationList section */
		048613A7D28668572A3C8FF6 /* Build configuration list for PBXNativeTarget "AMSCoffeeUITests" */ = {
			isa = XCConfigurationList;
			buildConfigurations = (
				417C5C82367AA13D630E7E36 /* Debug */,
				7BC0B336D6361515512E02C1 /* Release */,
			);
			defaultConfigurationIsVisible = 0;
			defaultConfigurationName = Debug;
		};
		2616966F6FB8A778390EA870 /* Build configuration list for PBXNativeTarget "AMSCoffee" */ = {
			isa = XCConfigurationList;
			buildConfigurations = (
				487118591C21AAC32F8EF78A /* Debug */,
				2595024926E86913A5499D63 /* Release */,
			);
			defaultConfigurationIsVisible = 0;
			defaultConfigurationName = Debug;
		};
		E7A8B2CBB166807D55B5C844 /* Build configuration list for PBXProject "AMSCoffee" */ = {
			isa = XCConfigurationList;
			buildConfigurations = (
				1DA5B58A48056EF4AF721BF8 /* Debug */,
				9CE81B1F7B7BAE6212D9B395 /* Release */,
			);
			defaultConfigurationIsVisible = 0;
			defaultConfigurationName = Debug;
		};
		F91CCC71AE2A7DC5C99175AB /* Build configuration list for PBXNativeTarget "AMSCoffeeTests" */ = {
			isa = XCConfigurationList;
			buildConfigurations = (
				2323269517F06703321C16E1 /* Debug */,
				CD50C8F24CC9D56D1275F164 /* Release */,
			);
			defaultConfigurationIsVisible = 0;
			defaultConfigurationName = Debug;
		};
/* End XCConfigurationList section */
	};
	rootObject = F044F7E023DBD0F0DBC600C1 /* Project object */;
}
